
Microsoft Visual Studio Solution File, Format Version 12.00
# Visual Studio Version 16
VisualStudioVersion = 16.0.34407.143
MinimumVisualStudioVersion = 10.0.40219.1
Project("{FAE04EC0-301F-11D3-BF4B-00C04F79EFBC}") = "Intrucciones_iteracion", "Intrucciones_iteracion\Intrucciones_iteracion.csproj", "{6791EC9D-D636-4A54-AE9A-99C50D02E3ED}"
EndProject
Global
	GlobalSection(SolutionConfigurationPlatforms) = preSolution
		Debug|Any CPU = Debug|Any CPU
		Release|Any CPU = Release|Any CPU
	EndGlobalSection
	GlobalSection(ProjectConfigurationPlatforms) = postSolution
		{6791EC9D-D636-4A54-AE9A-99C50D02E3ED}.Debug|Any CPU.ActiveCfg = Debug|Any CPU
		{6791EC9D-D636-4A54-AE9A-99C50D02E3ED}.Debug|Any CPU.Build.0 = Debug|Any CPU
		{6791EC9D-D636-4A54-AE9A-99C50D02E3ED}.Release|Any CPU.ActiveCfg = Release|Any CPU
		{6791EC9D-D636-4A54-AE9A-99C50D02E3ED}.Release|Any CPU.Build.0 = Release|Any CPU
	EndGlobalSection
	GlobalSection(SolutionProperties) = preSolution
		HideSolutionNode = FALSE
	EndGlobalSection
	GlobalSection(ExtensibilityGlobals) = postSolution
		SolutionGuid = {E6549B0F-51BA-44AF-95E4-F319E628C349}
	EndGlobalSection
EndGlobal
